
Microsoft Visual Studio Solution File, Format Version 12.00
# Visual Studio 2012
Project("{FAE04EC0-301F-11D3-BF4B-00C04F79EFBC}") = "TimeService", "TimeService\TimeService.csproj", "{F51E792E-8B68-445B-B313-26928D9BA355}"
EndProject
Project("{930C7802-8A8C-48F9-8165-68863BCCD9DD}") = "TimeServiceSetup", "TimeServiceSetup\TimeServiceSetup.wixproj", "{39F23985-023C-472E-A1D1-9D5908C14358}"
EndProject
Project("{2150E333-8FDC-42A3-9474-1A3956D46DE8}") = ".nuget", ".nuget", "{DD07CFE2-6D8F-43FE-AA74-68F5BCCE63FD}"
	ProjectSection(SolutionItems) = preProject
		.nuget\NuGet.Config = .nuget\NuGet.Config
		.nuget\NuGet.exe = .nuget\NuGet.exe
		.nuget\NuGet.targets = .nuget\NuGet.targets
	EndProjectSection
EndProject
Global
	GlobalSection(SolutionConfigurationPlatforms) = preSolution
		Debug|Any CPU = Debug|Any CPU
		Debug|Mixed Platforms = Debug|Mixed Platforms
		Debug|x86 = Debug|x86
		Release|Any CPU = Release|Any CPU
		Release|Mixed Platforms = Release|Mixed Platforms
		Release|x86 = Release|x86
	EndGlobalSection
	GlobalSection(ProjectConfigurationPlatforms) = postSolution
		{F51E792E-8B68-445B-B313-26928D9BA355}.Debug|Any CPU.ActiveCfg = Debug|Any CPU
		{F51E792E-8B68-445B-B313-26928D9BA355}.Debug|Any CPU.Build.0 = Debug|Any CPU
		{F51E792E-8B68-445B-B313-26928D9BA355}.Debug|Mixed Platforms.ActiveCfg = Debug|Any CPU
		{F51E792E-8B68-445B-B313-26928D9BA355}.Debug|Mixed Platforms.Build.0 = Debug|Any CPU
		{F51E792E-8B68-445B-B313-26928D9BA355}.Debug|x86.ActiveCfg = Debug|Any CPU
		{F51E792E-8B68-445B-B313-26928D9BA355}.Release|Any CPU.ActiveCfg = Release|Any CPU
		{F51E792E-8B68-445B-B313-26928D9BA355}.Release|Any CPU.Build.0 = Release|Any CPU
		{F51E792E-8B68-445B-B313-26928D9BA355}.Release|Mixed Platforms.ActiveCfg = Release|Any CPU
		{F51E792E-8B68-445B-B313-26928D9BA355}.Release|Mixed Platforms.Build.0 = Release|Any CPU
		{F51E792E-8B68-445B-B313-26928D9BA355}.Release|x86.ActiveCfg = Release|Any CPU
		{39F23985-023C-472E-A1D1-9D5908C14358}.Debug|Any CPU.ActiveCfg = Debug|x86
		{39F23985-023C-472E-A1D1-9D5908C14358}.Debug|Mixed Platforms.ActiveCfg = Debug|x86
		{39F23985-023C-472E-A1D1-9D5908C14358}.Debug|Mixed Platforms.Build.0 = Debug|x86
		{39F23985-023C-472E-A1D1-9D5908C14358}.Debug|x86.ActiveCfg = Debug|x86
		{39F23985-023C-472E-A1D1-9D5908C14358}.Debug|x86.Build.0 = Debug|x86
		{39F23985-023C-472E-A1D1-9D5908C14358}.Release|Any CPU.ActiveCfg = Release|x86
		{39F23985-023C-472E-A1D1-9D5908C14358}.Release|Mixed Platforms.ActiveCfg = Release|x86
		{39F23985-023C-472E-A1D1-9D5908C14358}.Release|Mixed Platforms.Build.0 = Release|x86
		{39F23985-023C-472E-A1D1-9D5908C14358}.Release|x86.ActiveCfg = Release|x86
		{39F23985-023C-472E-A1D1-9D5908C14358}.Release|x86.Build.0 = Release|x86
	EndGlobalSection
	GlobalSection(SolutionProperties) = preSolution
		HideSolutionNode = FALSE
	EndGlobalSection
EndGlobal
